{
  "originHash" : "3dd8c5f520d25be21427b0b25e753c259cae46a70c49d64e86478d7edaabea76",
  "pins" : [
    {
      "identity" : "rangeslider",
      "kind" : "remoteSourceControl",
      "location" : "https://github.com/warchimede/RangeSlider",
      "state" : {
        "revision" : "04ddecea8b0b4d267420c72aa8f5005844d841e6",
        "version" : "1.2.0"
      }
    },
    {
      "identity" : "swiftuiflow",
      "kind" : "remoteSourceControl",
      "location" : "https://github.com/ciaranrobrien/SwiftUIFlow",
      "state" : {
        "branch" : "main",
        "revision" : "b300d3c0110116f3520066dfb8dcf3006cf593c3"
      }
    }
  ],
  "version" : 3
}
